{
  "name": "@atheory-ai/skillex-packs",
  "version": "0.0.0",
  "lockfileVersion": 3,
  "requires": true,
  "packages": {
    "": {
      "name": "@atheory-ai/skillex-packs",
      "version": "0.0.0",
      "license": "Apache-2.0",
      "workspaces": [
        "ecosystems/*"
      ],
      "devDependencies": {
        "@atheory-ai/skillex": "^0.7.0"
      },
      "engines": {
        "node": ">=20"
      }
    },
    "node_modules/@atheory-ai/skillex": {
      "version": "0.7.0",
      "resolved": "https://registry.npmjs.org/@atheory-ai/skillex/-/skillex-0.7.0.tgz",
      "integrity": "sha512-oCAlg445z6gh+au5GA4zt5LSNtR4QfHou0qGbM61fqKqahhP+0DghPjjr9Lu0+2UGaWGSKUO4EDO53BI3HSPNw==",
      "dev": true,
      "license": "Apache-2.0",
      "bin": {
        "skillex": "bin/skillex.js"
      },
      "engines": {
        "node": ">=18"
      },
      "optionalDependencies": {
        "@atheory-ai/skillex-darwin-arm64": "0.7.0",
        "@atheory-ai/skillex-darwin-x64": "0.7.0",
        "@atheory-ai/skillex-linux-arm64": "0.7.0",
        "@atheory-ai/skillex-linux-x64": "0.7.0",
        "@atheory-ai/skillex-win32-x64": "0.7.0"
      }
    },
    "node_modules/@atheory-ai/skillex-darwin-arm64": {
      "version": "0.7.0",
      "resolved": "https://registry.npmjs.org/@atheory-ai/skillex-darwin-arm64/-/skillex-darwin-arm64-0.7.0.tgz",
      "integrity": "sha512-2280MtHQcG7fxNBcL/vO/cKQGYhZAFoN5Yhc7zBpChvkaN6h0enq5hEJ3LRk0K9d/wKwRZstDagXNpVCt+EZ4A==",
      "cpu": [
        "arm64"
      ],
      "dev": true,
      "license": "Apache-2.0",
      "optional": true,
      "os": [
        "darwin"
      ],
      "bin": {
        "skillex": "bin/skillex"
      }
    },
    "node_modules/@atheory-ai/skillex-darwin-x64": {
      "version": "0.7.0",
      "resolved": "https://registry.npmjs.org/@atheory-ai/skillex-darwin-x64/-/skillex-darwin-x64-0.7.0.tgz",
      "integrity": "sha512-vRphG6l1Ku3JrgdN8vc/6rB89gf5g3bqQJ0SjMtf/mLR/s28LZ02RT9Kyf6r2Hk9QRi6+I+1552HHTtl4OxSqg==",
      "cpu": [
        "x64"
      ],
      "dev": true,
      "license": "Apache-2.0",
      "optional": true,
      "os": [
        "darwin"
      ],
      "bin": {
        "skillex": "bin/skillex"
      }
    },
    "node_modules/@atheory-ai/skillex-linux-arm64": {
      "version": "0.7.0",
      "resolved": "https://registry.npmjs.org/@atheory-ai/skillex-linux-arm64/-/skillex-linux-arm64-0.7.0.tgz",
      "integrity": "sha512-WyHz8GZ/6rvK/WJ4ZBBjgSp4l1ihoMgvbxs22lBEEqfGjWTkHc4RcSJfvcVQn40X5JLbg9jVwLxJpNAUxrapQg==",
      "cpu": [
        "arm64"
      ],
      "dev": true,
      "license": "Apache-2.0",
      "optional": true,
      "os": [
        "linux"
      ],
      "bin": {
        "skillex": "bin/skillex"
      }
    },
    "node_modules/@atheory-ai/skillex-linux-x64": {
      "version": "0.7.0",
      "resolved": "https://registry.npmjs.org/@atheory-ai/skillex-linux-x64/-/skillex-linux-x64-0.7.0.tgz",
      "integrity": "sha512-NbzTUMw5/8dSr7KzMktB0xENojNMYlB/T+kTmjgFmiNh2pmcABm386k4aoP9uOPNrKyBGV2ABqDXCztWRJxOuQ==",
      "cpu": [
        "x64"
      ],
      "dev": true,
      "license": "Apache-2.0",
      "optional": true,
      "os": [
        "linux"
      ],
      "bin": {
        "skillex": "bin/skillex"
      }
    },
    "node_modules/@atheory-ai/skillex-win32-x64": {
      "version": "0.7.0",
      "resolved": "https://registry.npmjs.org/@atheory-ai/skillex-win32-x64/-/skillex-win32-x64-0.7.0.tgz",
      "integrity": "sha512-TcoSePjL3lbbA/riY+6V6AjLajtFuxW+p+njRiDQhWXXbAFGid6MQ3y2KkG3djbcE8MYR3AKyueI95XgTY0bpw==",
      "cpu": [
        "x64"
      ],
      "dev": true,
      "license": "Apache-2.0",
      "optional": true,
      "os": [
        "win32"
      ],
      "bin": {
        "skillex": "bin/skillex.exe"
      }
    }
  }
}
